
Microsoft Visual Studio Solution File, Format Version 11.00
# Visual Studio 2010
Project("{FAE04EC0-301F-11D3-BF4B-00C04F79EFBC}") = "Simulator", "Simulator\Simulator.csproj", "{1DB52986-A6FE-4DCE-8C2B-C1932ED9267B}"
EndProject
Global
	GlobalSection(SolutionConfigurationPlatforms) = preSolution
		Debug|x86 = Debug|x86
		Release|x86 = Release|x86
	EndGlobalSection
	GlobalSection(ProjectConfigurationPlatforms) = postSolution
		{1DB52986-A6FE-4DCE-8C2B-C1932ED9267B}.Debug|x86.ActiveCfg = Debug|x86
		{1DB52986-A6FE-4DCE-8C2B-C1932ED9267B}.Debug|x86.Build.0 = Debug|x86
		{1DB52986-A6FE-4DCE-8C2B-C1932ED9267B}.Release|x86.ActiveCfg = Release|x86
		{1DB52986-A6FE-4DCE-8C2B-C1932ED9267B}.Release|x86.Build.0 = Release|x86
	EndGlobalSection
	GlobalSection(SolutionProperties) = preSolution
		HideSolutionNode = FALSE
	EndGlobalSection
EndGlobal
